
Microsoft Visual Studio Solution File, Format Version 12.00
# Visual Studio Version 17
VisualStudioVersion = 17.4.33213.308
MinimumVisualStudioVersion = 10.0.40219.1
Project("{FAE04EC0-301F-11D3-BF4B-00C04F79EFBC}") = "MultiSelectDropDownSample.Server", "Server\MultiSelectDropDownSample.Server.csproj", "{232E805D-A807-48AA-BC64-0D3EF16EDA1D}"
EndProject
Project("{FAE04EC0-301F-11D3-BF4B-00C04F79EFBC}") = "MultiSelectDropDownSample.Client", "Client\MultiSelectDropDownSample.Client.csproj", "{A7476408-2CFD-418B-9F89-166308ABA26B}"
EndProject
Project("{FAE04EC0-301F-11D3-BF4B-00C04F79EFBC}") = "MultiSelectDropDownSample.Shared", "Shared\MultiSelectDropDownSample.Shared.csproj", "{053AD446-D998-4D3E-902C-B3B890BE913A}"
EndProject
Global
	GlobalSection(SolutionConfigurationPlatforms) = preSolution
		Debug|Any CPU = Debug|Any CPU
		Release|Any CPU = Release|Any CPU
	EndGlobalSection
	GlobalSection(ProjectConfigurationPlatforms) = postSolution
		{232E805D-A807-48AA-BC64-0D3EF16EDA1D}.Debug|Any CPU.ActiveCfg = Debug|Any CPU
		{232E805D-A807-48AA-BC64-0D3EF16EDA1D}.Debug|Any CPU.Build.0 = Debug|Any CPU
		{232E805D-A807-48AA-BC64-0D3EF16EDA1D}.Release|Any CPU.ActiveCfg = Release|Any CPU
		{232E805D-A807-48AA-BC64-0D3EF16EDA1D}.Release|Any CPU.Build.0 = Release|Any CPU
		{A7476408-2CFD-418B-9F89-166308ABA26B}.Debug|Any CPU.ActiveCfg = Debug|Any CPU
		{A7476408-2CFD-418B-9F89-166308ABA26B}.Debug|Any CPU.Build.0 = Debug|Any CPU
		{A7476408-2CFD-418B-9F89-166308ABA26B}.Release|Any CPU.ActiveCfg = Release|Any CPU
		{A7476408-2CFD-418B-9F89-166308ABA26B}.Release|Any CPU.Build.0 = Release|Any CPU
		{053AD446-D998-4D3E-902C-B3B890BE913A}.Debug|Any CPU.ActiveCfg = Debug|Any CPU
		{053AD446-D998-4D3E-902C-B3B890BE913A}.Debug|Any CPU.Build.0 = Debug|Any CPU
		{053AD446-D998-4D3E-902C-B3B890BE913A}.Release|Any CPU.ActiveCfg = Release|Any CPU
		{053AD446-D998-4D3E-902C-B3B890BE913A}.Release|Any CPU.Build.0 = Release|Any CPU
	EndGlobalSection
	GlobalSection(SolutionProperties) = preSolution
		HideSolutionNode = FALSE
	EndGlobalSection
	GlobalSection(ExtensibilityGlobals) = postSolution
		SolutionGuid = {696D1503-44A5-4A48-AA5E-2F53A03518A5}
	EndGlobalSection
EndGlobal
